PODS:
  - AppCenter (4.4.1):
    - AppCenter/Analytics (= 4.4.1)
    - AppCenter/Crashes (= 4.4.1)
  - AppCenter/Analytics (4.4.1):
    - AppCenter/Core
  - AppCenter/Core (4.4.1)
  - AppCenter/Crashes (4.4.1):
    - AppCenter/Core
  - Rudder (2.4.0)
  - RudderAppCenter (1.1.0):
    - AppCenter (= 4.4.1)
    - Rudder (~> 2.0)

DEPENDENCIES:
  - AppCenter (= 4.4.1)
  - Rudder (~> 2.0)
  - RudderAppCenter (from `.`)

SPEC REPOS:
  https://github.com/CocoaPods/Specs.git:
    - AppCenter
    - Rudder

EXTERNAL SOURCES:
  RudderAppCenter:
    :path: "."

SPEC CHECKSUMS:
  AppCenter: b0b6f1190215b5f983c42934db718f3b46fff3c0
  Rudder: 7595af0282d02a88dd61816415d4b28cba16a195
  RudderAppCenter: 9aae487a8616c2579fd619e0c8c7079114d9a01c

PODFILE CHECKSUM: 99fb6326597d1803e3159d8a55b3f942879428fa

COCOAPODS: 1.12.1
